
Microsoft Visual Studio Solution File, Format Version 12.00
# Visual Studio 15
VisualStudioVersion = 15.0.28010.2050
MinimumVisualStudioVersion = 10.0.40219.1
Project("{9A19103F-16F7-4668-BE54-9A1E7A4F7556}") = "HelloWorld", "HelloWorld\HelloWorld.csproj", "{CE099EFF-5693-4BC8-ADAB-A1E7D02DA560}"
EndProject
Project("{9A19103F-16F7-4668-BE54-9A1E7A4F7556}") = "HelloWorld.Interfaces", "HelloWorld.Interfaces\HelloWorld.Interfaces.csproj", "{A9033389-81FE-4B53-8B0E-66EB0274164E}"
EndProject
Project("{FAE04EC0-301F-11D3-BF4B-00C04F79EFBC}") = "ActorClient", "ActorClient\ActorClient.csproj", "{48772BB4-9F91-4798-94C5-15723CA12985}"
EndProject
Global
	GlobalSection(SolutionConfigurationPlatforms) = preSolution
		Debug|Any CPU = Debug|Any CPU
		Debug|x64 = Debug|x64
		Release|Any CPU = Release|Any CPU
		Release|x64 = Release|x64
	EndGlobalSection
	GlobalSection(ProjectConfigurationPlatforms) = postSolution
		{CE099EFF-5693-4BC8-ADAB-A1E7D02DA560}.Debug|Any CPU.ActiveCfg = Debug|Any CPU
		{CE099EFF-5693-4BC8-ADAB-A1E7D02DA560}.Debug|Any CPU.Build.0 = Debug|Any CPU
		{CE099EFF-5693-4BC8-ADAB-A1E7D02DA560}.Debug|x64.ActiveCfg = Debug|Any CPU
		{CE099EFF-5693-4BC8-ADAB-A1E7D02DA560}.Debug|x64.Build.0 = Debug|Any CPU
		{CE099EFF-5693-4BC8-ADAB-A1E7D02DA560}.Release|Any CPU.ActiveCfg = Release|Any CPU
		{CE099EFF-5693-4BC8-ADAB-A1E7D02DA560}.Release|Any CPU.Build.0 = Release|Any CPU
		{CE099EFF-5693-4BC8-ADAB-A1E7D02DA560}.Release|x64.ActiveCfg = Release|Any CPU
		{CE099EFF-5693-4BC8-ADAB-A1E7D02DA560}.Release|x64.Build.0 = Release|Any CPU
		{A9033389-81FE-4B53-8B0E-66EB0274164E}.Debug|Any CPU.ActiveCfg = Debug|Any CPU
		{A9033389-81FE-4B53-8B0E-66EB0274164E}.Debug|Any CPU.Build.0 = Debug|Any CPU
		{A9033389-81FE-4B53-8B0E-66EB0274164E}.Debug|x64.ActiveCfg = Debug|Any CPU
		{A9033389-81FE-4B53-8B0E-66EB0274164E}.Debug|x64.Build.0 = Debug|Any CPU
		{A9033389-81FE-4B53-8B0E-66EB0274164E}.Release|Any CPU.ActiveCfg = Release|Any CPU
		{A9033389-81FE-4B53-8B0E-66EB0274164E}.Release|Any CPU.Build.0 = Release|Any CPU
		{A9033389-81FE-4B53-8B0E-66EB0274164E}.Release|x64.ActiveCfg = Release|Any CPU
		{A9033389-81FE-4B53-8B0E-66EB0274164E}.Release|x64.Build.0 = Release|Any CPU
		{48772BB4-9F91-4798-94C5-15723CA12985}.Debug|Any CPU.ActiveCfg = Debug|Any CPU
		{48772BB4-9F91-4798-94C5-15723CA12985}.Debug|Any CPU.Build.0 = Debug|Any CPU
		{48772BB4-9F91-4798-94C5-15723CA12985}.Debug|x64.ActiveCfg = Debug|Any CPU
		{48772BB4-9F91-4798-94C5-15723CA12985}.Debug|x64.Build.0 = Debug|Any CPU
		{48772BB4-9F91-4798-94C5-15723CA12985}.Release|Any CPU.ActiveCfg = Release|Any CPU
		{48772BB4-9F91-4798-94C5-15723CA12985}.Release|Any CPU.Build.0 = Release|Any CPU
		{48772BB4-9F91-4798-94C5-15723CA12985}.Release|x64.ActiveCfg = Release|Any CPU
		{48772BB4-9F91-4798-94C5-15723CA12985}.Release|x64.Build.0 = Release|Any CPU
	EndGlobalSection
	GlobalSection(SolutionProperties) = preSolution
		HideSolutionNode = FALSE
	EndGlobalSection
	GlobalSection(ExtensibilityGlobals) = postSolution
		SolutionGuid = {FDEC2547-370C-407B-BFF9-B8B1505E7525}
	EndGlobalSection
EndGlobal
